
Microsoft Visual Studio Solution File, Format Version 12.00
# Visual Studio Version 17
VisualStudioVersion = 17.5.33530.505
MinimumVisualStudioVersion = 10.0.40219.1
Project("{9A19103F-16F7-4668-BE54-9A1E7A4F7556}") = "Contracts", "Contracts\Contracts.csproj", "{6F59779F-5BB1-4A57-9BC7-9C147416F5FB}"
EndProject
Project("{2150E333-8FDC-42A3-9474-1A3956D46DE8}") = "Services", "Services", "{60A75F4D-78D9-4A64-8CB8-33C5D78C0EF0}"
EndProject
Project("{2150E333-8FDC-42A3-9474-1A3956D46DE8}") = "Account", "Account", "{08DE3025-F4A4-49E3-9962-3FC586B481D5}"
EndProject
Project("{2150E333-8FDC-42A3-9474-1A3956D46DE8}") = "Command", "Command", "{7B39430F-55D1-4BA7-83F7-18B0CE3C28D0}"
EndProject
Project("{9A19103F-16F7-4668-BE54-9A1E7A4F7556}") = "WorkerService1", "Services\Account\Command\WorkerService1\WorkerService1.csproj", "{8F64FD35-FE69-40C7-8ED6-6121568E73F8}"
EndProject
Project("{2150E333-8FDC-42A3-9474-1A3956D46DE8}") = "Identity", "Identity", "{5213479B-B98B-4BEA-A35F-5D4147BF9CE7}"
EndProject
Project("{2150E333-8FDC-42A3-9474-1A3956D46DE8}") = "Command", "Command", "{73988740-B65A-4670-AB3B-040C751519C7}"
EndProject
Project("{9A19103F-16F7-4668-BE54-9A1E7A4F7556}") = "WorkerService1", "Services\Identity\Command\WorkerService1\WorkerService1.csproj", "{F7C2342C-A8BF-4D32-95B8-9895E5319040}"
EndProject
Project("{9A19103F-16F7-4668-BE54-9A1E7A4F7556}") = "Application", "Services\Identity\Command\Application\Application.csproj", "{D3C136B7-9D66-4FFB-96D0-A3B67D789FE3}"
EndProject
Project("{9A19103F-16F7-4668-BE54-9A1E7A4F7556}") = "Domain", "Services\Identity\Command\Domain\Domain.csproj", "{497B9B48-7444-4C94-A897-555F5C4FD6B4}"
EndProject
Project("{9A19103F-16F7-4668-BE54-9A1E7A4F7556}") = "Infrastructure.EventStore", "Services\Identity\Command\Infrastructure.EventStore\Infrastructure.EventStore.csproj", "{AF4201CE-6C4F-4481-89FE-41CDB5F30F5F}"
EndProject
Project("{9A19103F-16F7-4668-BE54-9A1E7A4F7556}") = "Infrastructure.MessageBus", "Services\Identity\Command\Infrastructure.MessageBus\Infrastructure.MessageBus.csproj", "{02C28A35-1A1D-46FC-9227-BA7E6362E990}"
EndProject
Project("{9A19103F-16F7-4668-BE54-9A1E7A4F7556}") = "WebApi", "WebApi\WebApi.csproj", "{61061386-370D-44F5-9318-E4AF41E8FE5D}"
EndProject
Project("{2150E333-8FDC-42A3-9474-1A3956D46DE8}") = "Dish", "Dish", "{B5A69538-C8E9-4C70-B2D5-E8AB2C5F6387}"
EndProject
Project("{2150E333-8FDC-42A3-9474-1A3956D46DE8}") = "Command", "Command", "{BF037ACF-EED5-4567-9273-C521C1EE706E}"
EndProject
Project("{2150E333-8FDC-42A3-9474-1A3956D46DE8}") = "Query", "Query", "{EFED3841-B665-4074-AD07-406BF7AA1B45}"
EndProject
Project("{9A19103F-16F7-4668-BE54-9A1E7A4F7556}") = "GrpcService1", "Services\Dish\Query\GrpcService1\GrpcService1.csproj", "{DADD4176-6DF3-47A2-B0FB-3293E0CEE9E3}"
EndProject
Project("{9A19103F-16F7-4668-BE54-9A1E7A4F7556}") = "Application", "Services\Dish\Query\Application\Application.csproj", "{D370C509-8870-40BB-9D18-278EC4B307B4}"
EndProject
Project("{9A19103F-16F7-4668-BE54-9A1E7A4F7556}") = "Infrastructure.Projection", "Services\Dish\Query\Infrastructure.Projection\Infrastructure.Projection.csproj", "{BFBC129C-4F24-4D27-AC91-877A11B0B58F}"
EndProject
Project("{9A19103F-16F7-4668-BE54-9A1E7A4F7556}") = "Infrastructure.ElasticSearch", "Services\Dish\Query\Infrastructure.ElasticSearch\Infrastructure.ElasticSearch.csproj", "{C4DC5FD3-1AB1-4DA7-8A96-D5E762DF4A3C}"
EndProject
Project("{9A19103F-16F7-4668-BE54-9A1E7A4F7556}") = "WorkerService1", "Services\Dish\Command\WorkerService1\WorkerService1.csproj", "{BE1EFE1F-3C91-4B0B-A682-8728F82764CF}"
EndProject
Project("{9A19103F-16F7-4668-BE54-9A1E7A4F7556}") = "Application", "Services\Dish\Command\Application\Application.csproj", "{5BAE7D5C-875C-406B-9B53-1EEE516C1310}"
EndProject
Project("{9A19103F-16F7-4668-BE54-9A1E7A4F7556}") = "Domain", "Services\Dish\Command\Domain\Domain.csproj", "{F7ECA4A3-349B-4F6A-BA27-0029E8846371}"
EndProject
Project("{9A19103F-16F7-4668-BE54-9A1E7A4F7556}") = "Infrastructure.MessageBus", "Services\Dish\Command\Infrastructure.MessageBus\Infrastructure.MessageBus.csproj", "{933166E1-145C-4D40-B1DF-D94BFCA6C725}"
EndProject
Project("{9A19103F-16F7-4668-BE54-9A1E7A4F7556}") = "Infrastructure.EventStore", "Services\Dish\Command\Infrastructure.EventStore\Infrastructure.EventStore.csproj", "{9628C44F-B70A-4581-8442-F0966FB49C76}"
EndProject
Project("{9A19103F-16F7-4668-BE54-9A1E7A4F7556}") = "Infrastructure.EventBus", "Services\Dish\Query\Infrastructure.EventBus\Infrastructure.EventBus.csproj", "{7EC93AF9-958C-4AF4-8D33-DB5895D4DDA7}"
EndProject
Project("{2150E333-8FDC-42A3-9474-1A3956D46DE8}") = "ShoppingCart", "ShoppingCart", "{4B5777DD-D532-4FCF-AE26-3550472795CD}"
EndProject
Project("{2150E333-8FDC-42A3-9474-1A3956D46DE8}") = "Command", "Command", "{875B3293-6F3C-44B1-9C96-7DFF523488AD}"
EndProject
Project("{2150E333-8FDC-42A3-9474-1A3956D46DE8}") = "Query", "Query", "{B8B846CE-5E9D-4E83-955B-FBD7F1121970}"
EndProject
Project("{9A19103F-16F7-4668-BE54-9A1E7A4F7556}") = "Application", "Services\ShoppingCart\Command\Application\Application.csproj", "{5FEF5CDB-B203-4838-AF3C-FE4803E6E11E}"
EndProject
Project("{9A19103F-16F7-4668-BE54-9A1E7A4F7556}") = "Domain", "Services\ShoppingCart\Command\Domain\Domain.csproj", "{0C020D16-28E5-4FC1-BE26-F80CAF5B1F77}"
EndProject
Project("{2150E333-8FDC-42A3-9474-1A3956D46DE8}") = "Order", "Order", "{A5DA21F9-1B25-4533-92A1-D5618F938CE7}"
EndProject
Project("{2150E333-8FDC-42A3-9474-1A3956D46DE8}") = "Command", "Command", "{4EF7A880-B1D1-4528-BCA6-490DF5C06AB6}"
EndProject
Project("{2150E333-8FDC-42A3-9474-1A3956D46DE8}") = "Query", "Query", "{F59BAE11-E583-48FE-B1DA-B65E20831BD8}"
EndProject
Project("{9A19103F-16F7-4668-BE54-9A1E7A4F7556}") = "Application", "Services\Order\Command\Application\Application.csproj", "{F912DD83-6F7A-4BE9-ADF7-F05A4007B628}"
EndProject
Project("{9A19103F-16F7-4668-BE54-9A1E7A4F7556}") = "Domain", "Services\Order\Command\Domain\Domain.csproj", "{9842AC66-A6EA-44D7-887B-DB69CCFEF866}"
EndProject
Project("{2150E333-8FDC-42A3-9474-1A3956D46DE8}") = "Query", "Query", "{071F4C2F-BDFB-48C0-9F59-FBCEA61809C6}"
EndProject
Project("{9A19103F-16F7-4668-BE54-9A1E7A4F7556}") = "GrpcService1", "Services\Identity\Query\GrpcService1\GrpcService1.csproj", "{8205F9BF-5500-4D8A-97BC-474E60AF4050}"
EndProject
Project("{9A19103F-16F7-4668-BE54-9A1E7A4F7556}") = "Application", "Services\Identity\Query\Application\Application.csproj", "{A5FA5A84-ECE1-43E3-830D-2305B40CD453}"
EndProject
Project("{9A19103F-16F7-4668-BE54-9A1E7A4F7556}") = "Infrastructure.EventBus", "Services\Identity\Query\Infrastructure.EventBus\Infrastructure.EventBus.csproj", "{BC2712AD-20BF-4289-8DF7-D02448E9D814}"
EndProject
Project("{9A19103F-16F7-4668-BE54-9A1E7A4F7556}") = "Infrastructure.Projection", "Services\Identity\Query\Infrastructure.Projection\Infrastructure.Projection.csproj", "{61D0E819-CA1D-4A4C-8883-599121A97699}"
EndProject
Project("{9A19103F-16F7-4668-BE54-9A1E7A4F7556}") = "Infrastructure.Authenticate", "Services\Identity\Query\Infrastructure.Authenticate\Infrastructure.Authenticate.csproj", "{F1439714-63F7-4547-A4DE-491F9925E97C}"
EndProject
Project("{9A19103F-16F7-4668-BE54-9A1E7A4F7556}") = "WorkerService1", "Services\Order\Command\WorkerService1\WorkerService1.csproj", "{155CD1CA-51B5-4398-9121-7CCC9E3F61C6}"
EndProject
Project("{9A19103F-16F7-4668-BE54-9A1E7A4F7556}") = "Infrastructure.EventStore", "Services\Order\Command\Infrastructure.EventStore\Infrastructure.EventStore.csproj", "{74724385-DBCC-4339-8A35-5F76878D2B22}"
EndProject
Project("{9A19103F-16F7-4668-BE54-9A1E7A4F7556}") = "Infrastructure.MessageBus", "Services\Order\Command\Infrastructure.MessageBus\Infrastructure.MessageBus.csproj", "{9BE22463-DBC3-48D1-8324-5EFAB56FD059}"
EndProject
Project("{9A19103F-16F7-4668-BE54-9A1E7A4F7556}") = "GrpcService1", "Services\Order\Query\GrpcService1\GrpcService1.csproj", "{E8F83ACF-B6CB-4249-9DA5-E6772DE606F7}"
EndProject
Project("{2150E333-8FDC-42A3-9474-1A3956D46DE8}") = "Notification", "Notification", "{DFBF0AA8-26AD-4557-8566-E4EA4A4DDCD3}"
EndProject
Project("{2150E333-8FDC-42A3-9474-1A3956D46DE8}") = "Command", "Command", "{B66FC438-2B18-4564-9153-167B6B85DE5A}"
EndProject
Project("{2150E333-8FDC-42A3-9474-1A3956D46DE8}") = "Query", "Query", "{7B4E60A9-572B-418D-AD8A-9C835A78391A}"
EndProject
Project("{9A19103F-16F7-4668-BE54-9A1E7A4F7556}") = "Application", "Services\Notification\Command\Application\Application.csproj", "{40295E97-73B2-4DCC-9E5D-D3414DC9A453}"
EndProject
Project("{9A19103F-16F7-4668-BE54-9A1E7A4F7556}") = "NotificationHub", "Services\Notification\Command\NotificationHub\NotificationHub.csproj", "{E9D7D529-C55A-49C5-872E-F145FEB036B9}"
EndProject
Project("{9A19103F-16F7-4668-BE54-9A1E7A4F7556}") = "Domain", "Services\Notification\Command\Domain\Domain.csproj", "{505211DC-3986-4E84-ABDC-4D1135BA4F85}"
EndProject
Project("{9A19103F-16F7-4668-BE54-9A1E7A4F7556}") = "Infrastructure.EventStore", "Services\Notification\Command\Infrastructure.EventStore\Infrastructure.EventStore.csproj", "{476B959B-45FA-4B60-89BE-6382F0EF2374}"
EndProject
Project("{9A19103F-16F7-4668-BE54-9A1E7A4F7556}") = "Infrastructure.MessageBus", "Services\Notification\Command\Infrastructure.MessageBus\Infrastructure.MessageBus.csproj", "{E100DC84-7610-4397-BD70-3A0785E8D8E7}"
EndProject
Project("{9A19103F-16F7-4668-BE54-9A1E7A4F7556}") = "Infrastructure.MessageBus", "Services\ShoppingCart\Command\Infrastructure.MessageBus\Infrastructure.MessageBus.csproj", "{4AE988C8-B53B-4031-AB56-C107C8F62013}"
EndProject
Project("{9A19103F-16F7-4668-BE54-9A1E7A4F7556}") = "Infrastructure.EventStore", "Services\ShoppingCart\Command\Infrastructure.EventStore\Infrastructure.EventStore.csproj", "{2905BB6E-DF35-463D-872D-87FCB5DD67C4}"
EndProject
Project("{9A19103F-16F7-4668-BE54-9A1E7A4F7556}") = "GrpcService1", "Services\ShoppingCart\Query\GrpcService1\GrpcService1.csproj", "{06E3A06F-A10B-4CA8-8132-2415609B89E1}"
EndProject
Project("{9A19103F-16F7-4668-BE54-9A1E7A4F7556}") = "Application", "Services\ShoppingCart\Query\Application\Application.csproj", "{0A280E4A-FBAA-48EF-991D-C458E3AB3F79}"
EndProject
Project("{9A19103F-16F7-4668-BE54-9A1E7A4F7556}") = "Infrastructure.EventBus", "Services\ShoppingCart\Query\Infrastructure.EventBus\Infrastructure.EventBus.csproj", "{A71BAE44-B655-4A10-917A-9E63B0B5BC8F}"
EndProject
Project("{9A19103F-16F7-4668-BE54-9A1E7A4F7556}") = "Infrastructure.Projection", "Services\ShoppingCart\Query\Infrastructure.Projection\Infrastructure.Projection.csproj", "{28B23214-6E6D-40BA-A817-2C06C77F10E0}"
EndProject
Project("{9A19103F-16F7-4668-BE54-9A1E7A4F7556}") = "Infrastructure.EventBus", "Services\Order\Query\Infrastructure.EventBus\Infrastructure.EventBus.csproj", "{50DF8CA1-358F-4141-BCFA-AAC92A415A61}"
EndProject
Project("{9A19103F-16F7-4668-BE54-9A1E7A4F7556}") = "Infrastructure.Projection", "Services\Order\Query\Infrastructure.Projection\Infrastructure.Projection.csproj", "{D31E0D59-20A8-4C67-AB4A-4F9AABB0BFBC}"
EndProject
Project("{9A19103F-16F7-4668-BE54-9A1E7A4F7556}") = "Application", "Services\Order\Query\Application\Application.csproj", "{5F2AA615-CE1A-40D9-9EE8-B6A1A7B6D2B9}"
EndProject
Project("{9A19103F-16F7-4668-BE54-9A1E7A4F7556}") = "Application", "Services\Account\Command\Application\Application.csproj", "{CDE8F9C2-5157-4991-B73D-4E64D7F25767}"
EndProject
Project("{9A19103F-16F7-4668-BE54-9A1E7A4F7556}") = "Domain", "Services\Account\Command\Domain\Domain.csproj", "{80A08A0B-D617-44E2-B576-206E974D8702}"
EndProject
Project("{9A19103F-16F7-4668-BE54-9A1E7A4F7556}") = "Infrastructure.MessageBus", "Services\Account\Command\Infrastructure.MessageBus\Infrastructure.MessageBus.csproj", "{5815629F-B479-4161-B345-2B803C263C95}"
EndProject
Project("{9A19103F-16F7-4668-BE54-9A1E7A4F7556}") = "Infrastructure.EventStore", "Services\Account\Command\Infrastructure.EventStore\Infrastructure.EventStore.csproj", "{69AC48A0-6742-4E32-83E2-9D0748F43766}"
EndProject
Project("{9A19103F-16F7-4668-BE54-9A1E7A4F7556}") = "Infrastructure.Hubs", "Services\Notification\Command\Infrastructure.Hubs\Infrastructure.Hubs.csproj", "{60FEC736-A2A9-47FE-BD78-DF8A6ECE86D2}"
EndProject
Project("{2150E333-8FDC-42A3-9474-1A3956D46DE8}") = "Restaurant", "Restaurant", "{2607D192-5CED-4008-B8E8-32293BABA175}"
EndProject
Project("{2150E333-8FDC-42A3-9474-1A3956D46DE8}") = "Command", "Command", "{9D808C7C-90E8-440F-8A35-01F82E8318A7}"
EndProject
Project("{9A19103F-16F7-4668-BE54-9A1E7A4F7556}") = "WorkerService1", "Services\Restaurant\Command\WorkerService1\WorkerService1.csproj", "{35FB8913-EF61-43CF-83AD-5B5C2EF72D44}"
EndProject
Project("{9A19103F-16F7-4668-BE54-9A1E7A4F7556}") = "Application", "Services\Restaurant\Command\Application\Application.csproj", "{F515024E-D551-4514-92AB-4ECC2DBA4513}"
EndProject
Project("{9A19103F-16F7-4668-BE54-9A1E7A4F7556}") = "Domain", "Services\Restaurant\Command\Domain\Domain.csproj", "{0905DCE3-4A54-4CC5-9240-74C6631D9A70}"
EndProject
Project("{9A19103F-16F7-4668-BE54-9A1E7A4F7556}") = "Infrastructure.MessageBus", "Services\Restaurant\Command\Infrastructure.MessageBus\Infrastructure.MessageBus.csproj", "{111D9A11-BE22-488C-8E58-63EB69B7509C}"
EndProject
Project("{9A19103F-16F7-4668-BE54-9A1E7A4F7556}") = "Infrastructure.EventStore", "Services\Restaurant\Command\Infrastructure.EventStore\Infrastructure.EventStore.csproj", "{1AD31C61-9DF0-4E2F-92E4-0F6CE6611378}"
EndProject
Project("{FAE04EC0-301F-11D3-BF4B-00C04F79EFBC}") = "WorkerService1", "Services\ShoppingCart\Command\WorkerService1\WorkerService1.csproj", "{F0530C05-50A4-4648-B6A7-1D6BDEB79974}"
EndProject
Global
	GlobalSection(SolutionConfigurationPlatforms) = preSolution
		Debug|Any CPU = Debug|Any CPU
		Release|Any CPU = Release|Any CPU
	EndGlobalSection
	GlobalSection(ProjectConfigurationPlatforms) = postSolution
		{6F59779F-5BB1-4A57-9BC7-9C147416F5FB}.Debug|Any CPU.ActiveCfg = Debug|Any CPU
		{6F59779F-5BB1-4A57-9BC7-9C147416F5FB}.Debug|Any CPU.Build.0 = Debug|Any CPU
		{6F59779F-5BB1-4A57-9BC7-9C147416F5FB}.Release|Any CPU.ActiveCfg = Release|Any CPU
		{6F59779F-5BB1-4A57-9BC7-9C147416F5FB}.Release|Any CPU.Build.0 = Release|Any CPU
		{8F64FD35-FE69-40C7-8ED6-6121568E73F8}.Debug|Any CPU.ActiveCfg = Debug|Any CPU
		{8F64FD35-FE69-40C7-8ED6-6121568E73F8}.Debug|Any CPU.Build.0 = Debug|Any CPU
		{8F64FD35-FE69-40C7-8ED6-6121568E73F8}.Release|Any CPU.ActiveCfg = Release|Any CPU
		{8F64FD35-FE69-40C7-8ED6-6121568E73F8}.Release|Any CPU.Build.0 = Release|Any CPU
		{F7C2342C-A8BF-4D32-95B8-9895E5319040}.Debug|Any CPU.ActiveCfg = Debug|Any CPU
		{F7C2342C-A8BF-4D32-95B8-9895E5319040}.Debug|Any CPU.Build.0 = Debug|Any CPU
		{F7C2342C-A8BF-4D32-95B8-9895E5319040}.Release|Any CPU.ActiveCfg = Release|Any CPU
		{F7C2342C-A8BF-4D32-95B8-9895E5319040}.Release|Any CPU.Build.0 = Release|Any CPU
		{D3C136B7-9D66-4FFB-96D0-A3B67D789FE3}.Debug|Any CPU.ActiveCfg = Debug|Any CPU
		{D3C136B7-9D66-4FFB-96D0-A3B67D789FE3}.Debug|Any CPU.Build.0 = Debug|Any CPU
		{D3C136B7-9D66-4FFB-96D0-A3B67D789FE3}.Release|Any CPU.ActiveCfg = Release|Any CPU
		{D3C136B7-9D66-4FFB-96D0-A3B67D789FE3}.Release|Any CPU.Build.0 = Release|Any CPU
		{497B9B48-7444-4C94-A897-555F5C4FD6B4}.Debug|Any CPU.ActiveCfg = Debug|Any CPU
		{497B9B48-7444-4C94-A897-555F5C4FD6B4}.Debug|Any CPU.Build.0 = Debug|Any CPU
		{497B9B48-7444-4C94-A897-555F5C4FD6B4}.Release|Any CPU.ActiveCfg = Release|Any CPU
		{497B9B48-7444-4C94-A897-555F5C4FD6B4}.Release|Any CPU.Build.0 = Release|Any CPU
		{AF4201CE-6C4F-4481-89FE-41CDB5F30F5F}.Debug|Any CPU.ActiveCfg = Debug|Any CPU
		{AF4201CE-6C4F-4481-89FE-41CDB5F30F5F}.Debug|Any CPU.Build.0 = Debug|Any CPU
		{AF4201CE-6C4F-4481-89FE-41CDB5F30F5F}.Release|Any CPU.ActiveCfg = Release|Any CPU
		{AF4201CE-6C4F-4481-89FE-41CDB5F30F5F}.Release|Any CPU.Build.0 = Release|Any CPU
		{02C28A35-1A1D-46FC-9227-BA7E6362E990}.Debug|Any CPU.ActiveCfg = Debug|Any CPU
		{02C28A35-1A1D-46FC-9227-BA7E6362E990}.Debug|Any CPU.Build.0 = Debug|Any CPU
		{02C28A35-1A1D-46FC-9227-BA7E6362E990}.Release|Any CPU.ActiveCfg = Release|Any CPU
		{02C28A35-1A1D-46FC-9227-BA7E6362E990}.Release|Any CPU.Build.0 = Release|Any CPU
		{61061386-370D-44F5-9318-E4AF41E8FE5D}.Debug|Any CPU.ActiveCfg = Debug|Any CPU
		{61061386-370D-44F5-9318-E4AF41E8FE5D}.Debug|Any CPU.Build.0 = Debug|Any CPU
		{61061386-370D-44F5-9318-E4AF41E8FE5D}.Release|Any CPU.ActiveCfg = Release|Any CPU
		{61061386-370D-44F5-9318-E4AF41E8FE5D}.Release|Any CPU.Build.0 = Release|Any CPU
		{DADD4176-6DF3-47A2-B0FB-3293E0CEE9E3}.Debug|Any CPU.ActiveCfg = Debug|Any CPU
		{DADD4176-6DF3-47A2-B0FB-3293E0CEE9E3}.Debug|Any CPU.Build.0 = Debug|Any CPU
		{DADD4176-6DF3-47A2-B0FB-3293E0CEE9E3}.Release|Any CPU.ActiveCfg = Release|Any CPU
		{DADD4176-6DF3-47A2-B0FB-3293E0CEE9E3}.Release|Any CPU.Build.0 = Release|Any CPU
		{D370C509-8870-40BB-9D18-278EC4B307B4}.Debug|Any CPU.ActiveCfg = Debug|Any CPU
		{D370C509-8870-40BB-9D18-278EC4B307B4}.Debug|Any CPU.Build.0 = Debug|Any CPU
		{D370C509-8870-40BB-9D18-278EC4B307B4}.Release|Any CPU.ActiveCfg = Release|Any CPU
		{D370C509-8870-40BB-9D18-278EC4B307B4}.Release|Any CPU.Build.0 = Release|Any CPU
		{BFBC129C-4F24-4D27-AC91-877A11B0B58F}.Debug|Any CPU.ActiveCfg = Debug|Any CPU
		{BFBC129C-4F24-4D27-AC91-877A11B0B58F}.Debug|Any CPU.Build.0 = Debug|Any CPU
		{BFBC129C-4F24-4D27-AC91-877A11B0B58F}.Release|Any CPU.ActiveCfg = Release|Any CPU
		{BFBC129C-4F24-4D27-AC91-877A11B0B58F}.Release|Any CPU.Build.0 = Release|Any CPU
		{C4DC5FD3-1AB1-4DA7-8A96-D5E762DF4A3C}.Debug|Any CPU.ActiveCfg = Debug|Any CPU
		{C4DC5FD3-1AB1-4DA7-8A96-D5E762DF4A3C}.Debug|Any CPU.Build.0 = Debug|Any CPU
		{C4DC5FD3-1AB1-4DA7-8A96-D5E762DF4A3C}.Release|Any CPU.ActiveCfg = Release|Any CPU
		{C4DC5FD3-1AB1-4DA7-8A96-D5E762DF4A3C}.Release|Any CPU.Build.0 = Release|Any CPU
		{BE1EFE1F-3C91-4B0B-A682-8728F82764CF}.Debug|Any CPU.ActiveCfg = Debug|Any CPU
		{BE1EFE1F-3C91-4B0B-A682-8728F82764CF}.Debug|Any CPU.Build.0 = Debug|Any CPU
		{BE1EFE1F-3C91-4B0B-A682-8728F82764CF}.Release|Any CPU.ActiveCfg = Release|Any CPU
		{BE1EFE1F-3C91-4B0B-A682-8728F82764CF}.Release|Any CPU.Build.0 = Release|Any CPU
		{5BAE7D5C-875C-406B-9B53-1EEE516C1310}.Debug|Any CPU.ActiveCfg = Debug|Any CPU
		{5BAE7D5C-875C-406B-9B53-1EEE516C1310}.Debug|Any CPU.Build.0 = Debug|Any CPU
		{5BAE7D5C-875C-406B-9B53-1EEE516C1310}.Release|Any CPU.ActiveCfg = Release|Any CPU
		{5BAE7D5C-875C-406B-9B53-1EEE516C1310}.Release|Any CPU.Build.0 = Release|Any CPU
		{F7ECA4A3-349B-4F6A-BA27-0029E8846371}.Debug|Any CPU.ActiveCfg = Debug|Any CPU
		{F7ECA4A3-349B-4F6A-BA27-0029E8846371}.Debug|Any CPU.Build.0 = Debug|Any CPU
		{F7ECA4A3-349B-4F6A-BA27-0029E8846371}.Release|Any CPU.ActiveCfg = Release|Any CPU
		{F7ECA4A3-349B-4F6A-BA27-0029E8846371}.Release|Any CPU.Build.0 = Release|Any CPU
		{933166E1-145C-4D40-B1DF-D94BFCA6C725}.Debug|Any CPU.ActiveCfg = Debug|Any CPU
		{933166E1-145C-4D40-B1DF-D94BFCA6C725}.Debug|Any CPU.Build.0 = Debug|Any CPU
		{933166E1-145C-4D40-B1DF-D94BFCA6C725}.Release|Any CPU.ActiveCfg = Release|Any CPU
		{933166E1-145C-4D40-B1DF-D94BFCA6C725}.Release|Any CPU.Build.0 = Release|Any CPU
		{9628C44F-B70A-4581-8442-F0966FB49C76}.Debug|Any CPU.ActiveCfg = Debug|Any CPU
		{9628C44F-B70A-4581-8442-F0966FB49C76}.Debug|Any CPU.Build.0 = Debug|Any CPU
		{9628C44F-B70A-4581-8442-F0966FB49C76}.Release|Any CPU.ActiveCfg = Release|Any CPU
		{9628C44F-B70A-4581-8442-F0966FB49C76}.Release|Any CPU.Build.0 = Release|Any CPU
		{7EC93AF9-958C-4AF4-8D33-DB5895D4DDA7}.Debug|Any CPU.ActiveCfg = Debug|Any CPU
		{7EC93AF9-958C-4AF4-8D33-DB5895D4DDA7}.Debug|Any CPU.Build.0 = Debug|Any CPU
		{7EC93AF9-958C-4AF4-8D33-DB5895D4DDA7}.Release|Any CPU.ActiveCfg = Release|Any CPU
		{7EC93AF9-958C-4AF4-8D33-DB5895D4DDA7}.Release|Any CPU.Build.0 = Release|Any CPU
		{5FEF5CDB-B203-4838-AF3C-FE4803E6E11E}.Debug|Any CPU.ActiveCfg = Debug|Any CPU
		{5FEF5CDB-B203-4838-AF3C-FE4803E6E11E}.Debug|Any CPU.Build.0 = Debug|Any CPU
		{5FEF5CDB-B203-4838-AF3C-FE4803E6E11E}.Release|Any CPU.ActiveCfg = Release|Any CPU
		{5FEF5CDB-B203-4838-AF3C-FE4803E6E11E}.Release|Any CPU.Build.0 = Release|Any CPU
		{0C020D16-28E5-4FC1-BE26-F80CAF5B1F77}.Debug|Any CPU.ActiveCfg = Debug|Any CPU
		{0C020D16-28E5-4FC1-BE26-F80CAF5B1F77}.Debug|Any CPU.Build.0 = Debug|Any CPU
		{0C020D16-28E5-4FC1-BE26-F80CAF5B1F77}.Release|Any CPU.ActiveCfg = Release|Any CPU
		{0C020D16-28E5-4FC1-BE26-F80CAF5B1F77}.Release|Any CPU.Build.0 = Release|Any CPU
		{F912DD83-6F7A-4BE9-ADF7-F05A4007B628}.Debug|Any CPU.ActiveCfg = Debug|Any CPU
		{F912DD83-6F7A-4BE9-ADF7-F05A4007B628}.Debug|Any CPU.Build.0 = Debug|Any CPU
		{F912DD83-6F7A-4BE9-ADF7-F05A4007B628}.Release|Any CPU.ActiveCfg = Release|Any CPU
		{F912DD83-6F7A-4BE9-ADF7-F05A4007B628}.Release|Any CPU.Build.0 = Release|Any CPU
		{9842AC66-A6EA-44D7-887B-DB69CCFEF866}.Debug|Any CPU.ActiveCfg = Debug|Any CPU
		{9842AC66-A6EA-44D7-887B-DB69CCFEF866}.Debug|Any CPU.Build.0 = Debug|Any CPU
		{9842AC66-A6EA-44D7-887B-DB69CCFEF866}.Release|Any CPU.ActiveCfg = Release|Any CPU
		{9842AC66-A6EA-44D7-887B-DB69CCFEF866}.Release|Any CPU.Build.0 = Release|Any CPU
		{8205F9BF-5500-4D8A-97BC-474E60AF4050}.Debug|Any CPU.ActiveCfg = Debug|Any CPU
		{8205F9BF-5500-4D8A-97BC-474E60AF4050}.Debug|Any CPU.Build.0 = Debug|Any CPU
		{8205F9BF-5500-4D8A-97BC-474E60AF4050}.Release|Any CPU.ActiveCfg = Release|Any CPU
		{8205F9BF-5500-4D8A-97BC-474E60AF4050}.Release|Any CPU.Build.0 = Release|Any CPU
		{A5FA5A84-ECE1-43E3-830D-2305B40CD453}.Debug|Any CPU.ActiveCfg = Debug|Any CPU
		{A5FA5A84-ECE1-43E3-830D-2305B40CD453}.Debug|Any CPU.Build.0 = Debug|Any CPU
		{A5FA5A84-ECE1-43E3-830D-2305B40CD453}.Release|Any CPU.ActiveCfg = Release|Any CPU
		{A5FA5A84-ECE1-43E3-830D-2305B40CD453}.Release|Any CPU.Build.0 = Release|Any CPU
		{BC2712AD-20BF-4289-8DF7-D02448E9D814}.Debug|Any CPU.ActiveCfg = Debug|Any CPU
		{BC2712AD-20BF-4289-8DF7-D02448E9D814}.Debug|Any CPU.Build.0 = Debug|Any CPU
		{BC2712AD-20BF-4289-8DF7-D02448E9D814}.Release|Any CPU.ActiveCfg = Release|Any CPU
		{BC2712AD-20BF-4289-8DF7-D02448E9D814}.Release|Any CPU.Build.0 = Release|Any CPU
		{61D0E819-CA1D-4A4C-8883-599121A97699}.Debug|Any CPU.ActiveCfg = Debug|Any CPU
		{61D0E819-CA1D-4A4C-8883-599121A97699}.Debug|Any CPU.Build.0 = Debug|Any CPU
		{61D0E819-CA1D-4A4C-8883-599121A97699}.Release|Any CPU.ActiveCfg = Release|Any CPU
		{61D0E819-CA1D-4A4C-8883-599121A97699}.Release|Any CPU.Build.0 = Release|Any CPU
		{F1439714-63F7-4547-A4DE-491F9925E97C}.Debug|Any CPU.ActiveCfg = Debug|Any CPU
		{F1439714-63F7-4547-A4DE-491F9925E97C}.Debug|Any CPU.Build.0 = Debug|Any CPU
		{F1439714-63F7-4547-A4DE-491F9925E97C}.Release|Any CPU.ActiveCfg = Release|Any CPU
		{F1439714-63F7-4547-A4DE-491F9925E97C}.Release|Any CPU.Build.0 = Release|Any CPU
		{155CD1CA-51B5-4398-9121-7CCC9E3F61C6}.Debug|Any CPU.ActiveCfg = Debug|Any CPU
		{155CD1CA-51B5-4398-9121-7CCC9E3F61C6}.Debug|Any CPU.Build.0 = Debug|Any CPU
		{155CD1CA-51B5-4398-9121-7CCC9E3F61C6}.Release|Any CPU.ActiveCfg = Release|Any CPU
		{155CD1CA-51B5-4398-9121-7CCC9E3F61C6}.Release|Any CPU.Build.0 = Release|Any CPU
		{74724385-DBCC-4339-8A35-5F76878D2B22}.Debug|Any CPU.ActiveCfg = Debug|Any CPU
		{74724385-DBCC-4339-8A35-5F76878D2B22}.Debug|Any CPU.Build.0 = Debug|Any CPU
		{74724385-DBCC-4339-8A35-5F76878D2B22}.Release|Any CPU.ActiveCfg = Release|Any CPU
		{74724385-DBCC-4339-8A35-5F76878D2B22}.Release|Any CPU.Build.0 = Release|Any CPU
		{9BE22463-DBC3-48D1-8324-5EFAB56FD059}.Debug|Any CPU.ActiveCfg = Debug|Any CPU
		{9BE22463-DBC3-48D1-8324-5EFAB56FD059}.Debug|Any CPU.Build.0 = Debug|Any CPU
		{9BE22463-DBC3-48D1-8324-5EFAB56FD059}.Release|Any CPU.ActiveCfg = Release|Any CPU
		{9BE22463-DBC3-48D1-8324-5EFAB56FD059}.Release|Any CPU.Build.0 = Release|Any CPU
		{E8F83ACF-B6CB-4249-9DA5-E6772DE606F7}.Debug|Any CPU.ActiveCfg = Debug|Any CPU
		{E8F83ACF-B6CB-4249-9DA5-E6772DE606F7}.Debug|Any CPU.Build.0 = Debug|Any CPU
		{E8F83ACF-B6CB-4249-9DA5-E6772DE606F7}.Release|Any CPU.ActiveCfg = Release|Any CPU
		{E8F83ACF-B6CB-4249-9DA5-E6772DE606F7}.Release|Any CPU.Build.0 = Release|Any CPU
		{40295E97-73B2-4DCC-9E5D-D3414DC9A453}.Debug|Any CPU.ActiveCfg = Debug|Any CPU
		{40295E97-73B2-4DCC-9E5D-D3414DC9A453}.Debug|Any CPU.Build.0 = Debug|Any CPU
		{40295E97-73B2-4DCC-9E5D-D3414DC9A453}.Release|Any CPU.ActiveCfg = Release|Any CPU
		{40295E97-73B2-4DCC-9E5D-D3414DC9A453}.Release|Any CPU.Build.0 = Release|Any CPU
		{E9D7D529-C55A-49C5-872E-F145FEB036B9}.Debug|Any CPU.ActiveCfg = Debug|Any CPU
		{E9D7D529-C55A-49C5-872E-F145FEB036B9}.Debug|Any CPU.Build.0 = Debug|Any CPU
		{E9D7D529-C55A-49C5-872E-F145FEB036B9}.Release|Any CPU.ActiveCfg = Release|Any CPU
		{E9D7D529-C55A-49C5-872E-F145FEB036B9}.Release|Any CPU.Build.0 = Release|Any CPU
		{505211DC-3986-4E84-ABDC-4D1135BA4F85}.Debug|Any CPU.ActiveCfg = Debug|Any CPU
		{505211DC-3986-4E84-ABDC-4D1135BA4F85}.Debug|Any CPU.Build.0 = Debug|Any CPU
		{505211DC-3986-4E84-ABDC-4D1135BA4F85}.Release|Any CPU.ActiveCfg = Release|Any CPU
		{505211DC-3986-4E84-ABDC-4D1135BA4F85}.Release|Any CPU.Build.0 = Release|Any CPU
		{476B959B-45FA-4B60-89BE-6382F0EF2374}.Debug|Any CPU.ActiveCfg = Debug|Any CPU
		{476B959B-45FA-4B60-89BE-6382F0EF2374}.Debug|Any CPU.Build.0 = Debug|Any CPU
		{476B959B-45FA-4B60-89BE-6382F0EF2374}.Release|Any CPU.ActiveCfg = Release|Any CPU
		{476B959B-45FA-4B60-89BE-6382F0EF2374}.Release|Any CPU.Build.0 = Release|Any CPU
		{E100DC84-7610-4397-BD70-3A0785E8D8E7}.Debug|Any CPU.ActiveCfg = Debug|Any CPU
		{E100DC84-7610-4397-BD70-3A0785E8D8E7}.Debug|Any CPU.Build.0 = Debug|Any CPU
		{E100DC84-7610-4397-BD70-3A0785E8D8E7}.Release|Any CPU.ActiveCfg = Release|Any CPU
		{E100DC84-7610-4397-BD70-3A0785E8D8E7}.Release|Any CPU.Build.0 = Release|Any CPU
		{4AE988C8-B53B-4031-AB56-C107C8F62013}.Debug|Any CPU.ActiveCfg = Debug|Any CPU
		{4AE988C8-B53B-4031-AB56-C107C8F62013}.Debug|Any CPU.Build.0 = Debug|Any CPU
		{4AE988C8-B53B-4031-AB56-C107C8F62013}.Release|Any CPU.ActiveCfg = Release|Any CPU
		{4AE988C8-B53B-4031-AB56-C107C8F62013}.Release|Any CPU.Build.0 = Release|Any CPU
		{2905BB6E-DF35-463D-872D-87FCB5DD67C4}.Debug|Any CPU.ActiveCfg = Debug|Any CPU
		{2905BB6E-DF35-463D-872D-87FCB5DD67C4}.Debug|Any CPU.Build.0 = Debug|Any CPU
		{2905BB6E-DF35-463D-872D-87FCB5DD67C4}.Release|Any CPU.ActiveCfg = Release|Any CPU
		{2905BB6E-DF35-463D-872D-87FCB5DD67C4}.Release|Any CPU.Build.0 = Release|Any CPU
		{06E3A06F-A10B-4CA8-8132-2415609B89E1}.Debug|Any CPU.ActiveCfg = Debug|Any CPU
		{06E3A06F-A10B-4CA8-8132-2415609B89E1}.Debug|Any CPU.Build.0 = Debug|Any CPU
		{06E3A06F-A10B-4CA8-8132-2415609B89E1}.Release|Any CPU.ActiveCfg = Release|Any CPU
		{06E3A06F-A10B-4CA8-8132-2415609B89E1}.Release|Any CPU.Build.0 = Release|Any CPU
		{0A280E4A-FBAA-48EF-991D-C458E3AB3F79}.Debug|Any CPU.ActiveCfg = Debug|Any CPU
		{0A280E4A-FBAA-48EF-991D-C458E3AB3F79}.Debug|Any CPU.Build.0 = Debug|Any CPU
		{0A280E4A-FBAA-48EF-991D-C458E3AB3F79}.Release|Any CPU.ActiveCfg = Release|Any CPU
		{0A280E4A-FBAA-48EF-991D-C458E3AB3F79}.Release|Any CPU.Build.0 = Release|Any CPU
		{A71BAE44-B655-4A10-917A-9E63B0B5BC8F}.Debug|Any CPU.ActiveCfg = Debug|Any CPU
		{A71BAE44-B655-4A10-917A-9E63B0B5BC8F}.Debug|Any CPU.Build.0 = Debug|Any CPU
		{A71BAE44-B655-4A10-917A-9E63B0B5BC8F}.Release|Any CPU.ActiveCfg = Release|Any CPU
		{A71BAE44-B655-4A10-917A-9E63B0B5BC8F}.Release|Any CPU.Build.0 = Release|Any CPU
		{28B23214-6E6D-40BA-A817-2C06C77F10E0}.Debug|Any CPU.ActiveCfg = Debug|Any CPU
		{28B23214-6E6D-40BA-A817-2C06C77F10E0}.Debug|Any CPU.Build.0 = Debug|Any CPU
		{28B23214-6E6D-40BA-A817-2C06C77F10E0}.Release|Any CPU.ActiveCfg = Release|Any CPU
		{28B23214-6E6D-40BA-A817-2C06C77F10E0}.Release|Any CPU.Build.0 = Release|Any CPU
		{50DF8CA1-358F-4141-BCFA-AAC92A415A61}.Debug|Any CPU.ActiveCfg = Debug|Any CPU
		{50DF8CA1-358F-4141-BCFA-AAC92A415A61}.Debug|Any CPU.Build.0 = Debug|Any CPU
		{50DF8CA1-358F-4141-BCFA-AAC92A415A61}.Release|Any CPU.ActiveCfg = Release|Any CPU
		{50DF8CA1-358F-4141-BCFA-AAC92A415A61}.Release|Any CPU.Build.0 = Release|Any CPU
		{D31E0D59-20A8-4C67-AB4A-4F9AABB0BFBC}.Debug|Any CPU.ActiveCfg = Debug|Any CPU
		{D31E0D59-20A8-4C67-AB4A-4F9AABB0BFBC}.Debug|Any CPU.Build.0 = Debug|Any CPU
		{D31E0D59-20A8-4C67-AB4A-4F9AABB0BFBC}.Release|Any CPU.ActiveCfg = Release|Any CPU
		{D31E0D59-20A8-4C67-AB4A-4F9AABB0BFBC}.Release|Any CPU.Build.0 = Release|Any CPU
		{5F2AA615-CE1A-40D9-9EE8-B6A1A7B6D2B9}.Debug|Any CPU.ActiveCfg = Debug|Any CPU
		{5F2AA615-CE1A-40D9-9EE8-B6A1A7B6D2B9}.Debug|Any CPU.Build.0 = Debug|Any CPU
		{5F2AA615-CE1A-40D9-9EE8-B6A1A7B6D2B9}.Release|Any CPU.ActiveCfg = Release|Any CPU
		{5F2AA615-CE1A-40D9-9EE8-B6A1A7B6D2B9}.Release|Any CPU.Build.0 = Release|Any CPU
		{CDE8F9C2-5157-4991-B73D-4E64D7F25767}.Debug|Any CPU.ActiveCfg = Debug|Any CPU
		{CDE8F9C2-5157-4991-B73D-4E64D7F25767}.Debug|Any CPU.Build.0 = Debug|Any CPU
		{CDE8F9C2-5157-4991-B73D-4E64D7F25767}.Release|Any CPU.ActiveCfg = Release|Any CPU
		{CDE8F9C2-5157-4991-B73D-4E64D7F25767}.Release|Any CPU.Build.0 = Release|Any CPU
		{80A08A0B-D617-44E2-B576-206E974D8702}.Debug|Any CPU.ActiveCfg = Debug|Any CPU
		{80A08A0B-D617-44E2-B576-206E974D8702}.Debug|Any CPU.Build.0 = Debug|Any CPU
		{80A08A0B-D617-44E2-B576-206E974D8702}.Release|Any CPU.ActiveCfg = Release|Any CPU
		{80A08A0B-D617-44E2-B576-206E974D8702}.Release|Any CPU.Build.0 = Release|Any CPU
		{5815629F-B479-4161-B345-2B803C263C95}.Debug|Any CPU.ActiveCfg = Debug|Any CPU
		{5815629F-B479-4161-B345-2B803C263C95}.Debug|Any CPU.Build.0 = Debug|Any CPU
		{5815629F-B479-4161-B345-2B803C263C95}.Release|Any CPU.ActiveCfg = Release|Any CPU
		{5815629F-B479-4161-B345-2B803C263C95}.Release|Any CPU.Build.0 = Release|Any CPU
		{69AC48A0-6742-4E32-83E2-9D0748F43766}.Debug|Any CPU.ActiveCfg = Debug|Any CPU
		{69AC48A0-6742-4E32-83E2-9D0748F43766}.Debug|Any CPU.Build.0 = Debug|Any CPU
		{69AC48A0-6742-4E32-83E2-9D0748F43766}.Release|Any CPU.ActiveCfg = Release|Any CPU
		{69AC48A0-6742-4E32-83E2-9D0748F43766}.Release|Any CPU.Build.0 = Release|Any CPU
		{60FEC736-A2A9-47FE-BD78-DF8A6ECE86D2}.Debug|Any CPU.ActiveCfg = Debug|Any CPU
		{60FEC736-A2A9-47FE-BD78-DF8A6ECE86D2}.Debug|Any CPU.Build.0 = Debug|Any CPU
		{60FEC736-A2A9-47FE-BD78-DF8A6ECE86D2}.Release|Any CPU.ActiveCfg = Release|Any CPU
		{60FEC736-A2A9-47FE-BD78-DF8A6ECE86D2}.Release|Any CPU.Build.0 = Release|Any CPU
		{35FB8913-EF61-43CF-83AD-5B5C2EF72D44}.Debug|Any CPU.ActiveCfg = Debug|Any CPU
		{35FB8913-EF61-43CF-83AD-5B5C2EF72D44}.Debug|Any CPU.Build.0 = Debug|Any CPU
		{35FB8913-EF61-43CF-83AD-5B5C2EF72D44}.Release|Any CPU.ActiveCfg = Release|Any CPU
		{35FB8913-EF61-43CF-83AD-5B5C2EF72D44}.Release|Any CPU.Build.0 = Release|Any CPU
		{F515024E-D551-4514-92AB-4ECC2DBA4513}.Debug|Any CPU.ActiveCfg = Debug|Any CPU
		{F515024E-D551-4514-92AB-4ECC2DBA4513}.Debug|Any CPU.Build.0 = Debug|Any CPU
		{F515024E-D551-4514-92AB-4ECC2DBA4513}.Release|Any CPU.ActiveCfg = Release|Any CPU
		{F515024E-D551-4514-92AB-4ECC2DBA4513}.Release|Any CPU.Build.0 = Release|Any CPU
		{0905DCE3-4A54-4CC5-9240-74C6631D9A70}.Debug|Any CPU.ActiveCfg = Debug|Any CPU
		{0905DCE3-4A54-4CC5-9240-74C6631D9A70}.Debug|Any CPU.Build.0 = Debug|Any CPU
		{0905DCE3-4A54-4CC5-9240-74C6631D9A70}.Release|Any CPU.ActiveCfg = Release|Any CPU
		{0905DCE3-4A54-4CC5-9240-74C6631D9A70}.Release|Any CPU.Build.0 = Release|Any CPU
		{111D9A11-BE22-488C-8E58-63EB69B7509C}.Debug|Any CPU.ActiveCfg = Debug|Any CPU
		{111D9A11-BE22-488C-8E58-63EB69B7509C}.Debug|Any CPU.Build.0 = Debug|Any CPU
		{111D9A11-BE22-488C-8E58-63EB69B7509C}.Release|Any CPU.ActiveCfg = Release|Any CPU
		{111D9A11-BE22-488C-8E58-63EB69B7509C}.Release|Any CPU.Build.0 = Release|Any CPU
		{1AD31C61-9DF0-4E2F-92E4-0F6CE6611378}.Debug|Any CPU.ActiveCfg = Debug|Any CPU
		{1AD31C61-9DF0-4E2F-92E4-0F6CE6611378}.Debug|Any CPU.Build.0 = Debug|Any CPU
		{1AD31C61-9DF0-4E2F-92E4-0F6CE6611378}.Release|Any CPU.ActiveCfg = Release|Any CPU
		{1AD31C61-9DF0-4E2F-92E4-0F6CE6611378}.Release|Any CPU.Build.0 = Release|Any CPU
		{F0530C05-50A4-4648-B6A7-1D6BDEB79974}.Debug|Any CPU.ActiveCfg = Debug|Any CPU
		{F0530C05-50A4-4648-B6A7-1D6BDEB79974}.Debug|Any CPU.Build.0 = Debug|Any CPU
		{F0530C05-50A4-4648-B6A7-1D6BDEB79974}.Release|Any CPU.ActiveCfg = Release|Any CPU
		{F0530C05-50A4-4648-B6A7-1D6BDEB79974}.Release|Any CPU.Build.0 = Release|Any CPU
	EndGlobalSection
	GlobalSection(SolutionProperties) = preSolution
		HideSolutionNode = FALSE
	EndGlobalSection
	GlobalSection(NestedProjects) = preSolution
		{08DE3025-F4A4-49E3-9962-3FC586B481D5} = {60A75F4D-78D9-4A64-8CB8-33C5D78C0EF0}
		{7B39430F-55D1-4BA7-83F7-18B0CE3C28D0} = {08DE3025-F4A4-49E3-9962-3FC586B481D5}
		{8F64FD35-FE69-40C7-8ED6-6121568E73F8} = {7B39430F-55D1-4BA7-83F7-18B0CE3C28D0}
		{5213479B-B98B-4BEA-A35F-5D4147BF9CE7} = {60A75F4D-78D9-4A64-8CB8-33C5D78C0EF0}
		{73988740-B65A-4670-AB3B-040C751519C7} = {5213479B-B98B-4BEA-A35F-5D4147BF9CE7}
		{F7C2342C-A8BF-4D32-95B8-9895E5319040} = {73988740-B65A-4670-AB3B-040C751519C7}
		{D3C136B7-9D66-4FFB-96D0-A3B67D789FE3} = {73988740-B65A-4670-AB3B-040C751519C7}
		{497B9B48-7444-4C94-A897-555F5C4FD6B4} = {73988740-B65A-4670-AB3B-040C751519C7}
		{AF4201CE-6C4F-4481-89FE-41CDB5F30F5F} = {73988740-B65A-4670-AB3B-040C751519C7}
		{02C28A35-1A1D-46FC-9227-BA7E6362E990} = {73988740-B65A-4670-AB3B-040C751519C7}
		{B5A69538-C8E9-4C70-B2D5-E8AB2C5F6387} = {60A75F4D-78D9-4A64-8CB8-33C5D78C0EF0}
		{BF037ACF-EED5-4567-9273-C521C1EE706E} = {B5A69538-C8E9-4C70-B2D5-E8AB2C5F6387}
		{EFED3841-B665-4074-AD07-406BF7AA1B45} = {B5A69538-C8E9-4C70-B2D5-E8AB2C5F6387}
		{DADD4176-6DF3-47A2-B0FB-3293E0CEE9E3} = {EFED3841-B665-4074-AD07-406BF7AA1B45}
		{D370C509-8870-40BB-9D18-278EC4B307B4} = {EFED3841-B665-4074-AD07-406BF7AA1B45}
		{BFBC129C-4F24-4D27-AC91-877A11B0B58F} = {EFED3841-B665-4074-AD07-406BF7AA1B45}
		{C4DC5FD3-1AB1-4DA7-8A96-D5E762DF4A3C} = {EFED3841-B665-4074-AD07-406BF7AA1B45}
		{BE1EFE1F-3C91-4B0B-A682-8728F82764CF} = {BF037ACF-EED5-4567-9273-C521C1EE706E}
		{5BAE7D5C-875C-406B-9B53-1EEE516C1310} = {BF037ACF-EED5-4567-9273-C521C1EE706E}
		{F7ECA4A3-349B-4F6A-BA27-0029E8846371} = {BF037ACF-EED5-4567-9273-C521C1EE706E}
		{933166E1-145C-4D40-B1DF-D94BFCA6C725} = {BF037ACF-EED5-4567-9273-C521C1EE706E}
		{9628C44F-B70A-4581-8442-F0966FB49C76} = {BF037ACF-EED5-4567-9273-C521C1EE706E}
		{7EC93AF9-958C-4AF4-8D33-DB5895D4DDA7} = {EFED3841-B665-4074-AD07-406BF7AA1B45}
		{4B5777DD-D532-4FCF-AE26-3550472795CD} = {60A75F4D-78D9-4A64-8CB8-33C5D78C0EF0}
		{875B3293-6F3C-44B1-9C96-7DFF523488AD} = {4B5777DD-D532-4FCF-AE26-3550472795CD}
		{B8B846CE-5E9D-4E83-955B-FBD7F1121970} = {4B5777DD-D532-4FCF-AE26-3550472795CD}
		{5FEF5CDB-B203-4838-AF3C-FE4803E6E11E} = {875B3293-6F3C-44B1-9C96-7DFF523488AD}
		{0C020D16-28E5-4FC1-BE26-F80CAF5B1F77} = {875B3293-6F3C-44B1-9C96-7DFF523488AD}
		{A5DA21F9-1B25-4533-92A1-D5618F938CE7} = {60A75F4D-78D9-4A64-8CB8-33C5D78C0EF0}
		{4EF7A880-B1D1-4528-BCA6-490DF5C06AB6} = {A5DA21F9-1B25-4533-92A1-D5618F938CE7}
		{F59BAE11-E583-48FE-B1DA-B65E20831BD8} = {A5DA21F9-1B25-4533-92A1-D5618F938CE7}
		{F912DD83-6F7A-4BE9-ADF7-F05A4007B628} = {4EF7A880-B1D1-4528-BCA6-490DF5C06AB6}
		{9842AC66-A6EA-44D7-887B-DB69CCFEF866} = {4EF7A880-B1D1-4528-BCA6-490DF5C06AB6}
		{071F4C2F-BDFB-48C0-9F59-FBCEA61809C6} = {5213479B-B98B-4BEA-A35F-5D4147BF9CE7}
		{8205F9BF-5500-4D8A-97BC-474E60AF4050} = {071F4C2F-BDFB-48C0-9F59-FBCEA61809C6}
		{A5FA5A84-ECE1-43E3-830D-2305B40CD453} = {071F4C2F-BDFB-48C0-9F59-FBCEA61809C6}
		{BC2712AD-20BF-4289-8DF7-D02448E9D814} = {071F4C2F-BDFB-48C0-9F59-FBCEA61809C6}
		{61D0E819-CA1D-4A4C-8883-599121A97699} = {071F4C2F-BDFB-48C0-9F59-FBCEA61809C6}
		{F1439714-63F7-4547-A4DE-491F9925E97C} = {071F4C2F-BDFB-48C0-9F59-FBCEA61809C6}
		{155CD1CA-51B5-4398-9121-7CCC9E3F61C6} = {4EF7A880-B1D1-4528-BCA6-490DF5C06AB6}
		{74724385-DBCC-4339-8A35-5F76878D2B22} = {4EF7A880-B1D1-4528-BCA6-490DF5C06AB6}
		{9BE22463-DBC3-48D1-8324-5EFAB56FD059} = {4EF7A880-B1D1-4528-BCA6-490DF5C06AB6}
		{E8F83ACF-B6CB-4249-9DA5-E6772DE606F7} = {F59BAE11-E583-48FE-B1DA-B65E20831BD8}
		{DFBF0AA8-26AD-4557-8566-E4EA4A4DDCD3} = {60A75F4D-78D9-4A64-8CB8-33C5D78C0EF0}
		{B66FC438-2B18-4564-9153-167B6B85DE5A} = {DFBF0AA8-26AD-4557-8566-E4EA4A4DDCD3}
		{7B4E60A9-572B-418D-AD8A-9C835A78391A} = {DFBF0AA8-26AD-4557-8566-E4EA4A4DDCD3}
		{40295E97-73B2-4DCC-9E5D-D3414DC9A453} = {B66FC438-2B18-4564-9153-167B6B85DE5A}
		{E9D7D529-C55A-49C5-872E-F145FEB036B9} = {B66FC438-2B18-4564-9153-167B6B85DE5A}
		{505211DC-3986-4E84-ABDC-4D1135BA4F85} = {B66FC438-2B18-4564-9153-167B6B85DE5A}
		{476B959B-45FA-4B60-89BE-6382F0EF2374} = {B66FC438-2B18-4564-9153-167B6B85DE5A}
		{E100DC84-7610-4397-BD70-3A0785E8D8E7} = {B66FC438-2B18-4564-9153-167B6B85DE5A}
		{4AE988C8-B53B-4031-AB56-C107C8F62013} = {875B3293-6F3C-44B1-9C96-7DFF523488AD}
		{2905BB6E-DF35-463D-872D-87FCB5DD67C4} = {875B3293-6F3C-44B1-9C96-7DFF523488AD}
		{06E3A06F-A10B-4CA8-8132-2415609B89E1} = {B8B846CE-5E9D-4E83-955B-FBD7F1121970}
		{0A280E4A-FBAA-48EF-991D-C458E3AB3F79} = {B8B846CE-5E9D-4E83-955B-FBD7F1121970}
		{A71BAE44-B655-4A10-917A-9E63B0B5BC8F} = {B8B846CE-5E9D-4E83-955B-FBD7F1121970}
		{28B23214-6E6D-40BA-A817-2C06C77F10E0} = {B8B846CE-5E9D-4E83-955B-FBD7F1121970}
		{50DF8CA1-358F-4141-BCFA-AAC92A415A61} = {F59BAE11-E583-48FE-B1DA-B65E20831BD8}
		{D31E0D59-20A8-4C67-AB4A-4F9AABB0BFBC} = {F59BAE11-E583-48FE-B1DA-B65E20831BD8}
		{5F2AA615-CE1A-40D9-9EE8-B6A1A7B6D2B9} = {F59BAE11-E583-48FE-B1DA-B65E20831BD8}
		{CDE8F9C2-5157-4991-B73D-4E64D7F25767} = {7B39430F-55D1-4BA7-83F7-18B0CE3C28D0}
		{80A08A0B-D617-44E2-B576-206E974D8702} = {7B39430F-55D1-4BA7-83F7-18B0CE3C28D0}
		{5815629F-B479-4161-B345-2B803C263C95} = {7B39430F-55D1-4BA7-83F7-18B0CE3C28D0}
		{69AC48A0-6742-4E32-83E2-9D0748F43766} = {7B39430F-55D1-4BA7-83F7-18B0CE3C28D0}
		{60FEC736-A2A9-47FE-BD78-DF8A6ECE86D2} = {B66FC438-2B18-4564-9153-167B6B85DE5A}
		{2607D192-5CED-4008-B8E8-32293BABA175} = {60A75F4D-78D9-4A64-8CB8-33C5D78C0EF0}
		{9D808C7C-90E8-440F-8A35-01F82E8318A7} = {2607D192-5CED-4008-B8E8-32293BABA175}
		{35FB8913-EF61-43CF-83AD-5B5C2EF72D44} = {9D808C7C-90E8-440F-8A35-01F82E8318A7}
		{F515024E-D551-4514-92AB-4ECC2DBA4513} = {9D808C7C-90E8-440F-8A35-01F82E8318A7}
		{0905DCE3-4A54-4CC5-9240-74C6631D9A70} = {9D808C7C-90E8-440F-8A35-01F82E8318A7}
		{111D9A11-BE22-488C-8E58-63EB69B7509C} = {9D808C7C-90E8-440F-8A35-01F82E8318A7}
		{1AD31C61-9DF0-4E2F-92E4-0F6CE6611378} = {9D808C7C-90E8-440F-8A35-01F82E8318A7}
		{F0530C05-50A4-4648-B6A7-1D6BDEB79974} = {875B3293-6F3C-44B1-9C96-7DFF523488AD}
	EndGlobalSection
	GlobalSection(ExtensibilityGlobals) = postSolution
		SolutionGuid = {089153FC-1032-4A82-B35D-6364FB3FD10B}
	EndGlobalSection
EndGlobal
